
Microsoft Visual Studio Solution File, Format Version 12.00
# Visual Studio Version 17
VisualStudioVersion = 17.5.002.0
MinimumVisualStudioVersion = 10.0.40219.1
Project("{2150E333-8FDC-42A3-9474-1A3956D46DE8}") = "back", "back", "{A8FEAE23-6EA0-4625-BC16-6B6DE7ED52BF}"
EndProject
Project("{2150E333-8FDC-42A3-9474-1A3956D46DE8}") = "src", "src", "{67EA2489-530C-4CFC-A754-45562193120D}"
EndProject
Project("{9A19103F-16F7-4668-BE54-9A1E7A4F7556}") = "ProAtividade.API", "back\ProAtividade.API\ProAtividade.API.csproj", "{C8F0E1C0-72B4-4DFA-94E3-3241771B8CB5}"
EndProject
Global
	GlobalSection(SolutionConfigurationPlatforms) = preSolution
		Debug|Any CPU = Debug|Any CPU
		Release|Any CPU = Release|Any CPU
	EndGlobalSection
	GlobalSection(ProjectConfigurationPlatforms) = postSolution
		{C8F0E1C0-72B4-4DFA-94E3-3241771B8CB5}.Debug|Any CPU.ActiveCfg = Debug|Any CPU
		{C8F0E1C0-72B4-4DFA-94E3-3241771B8CB5}.Debug|Any CPU.Build.0 = Debug|Any CPU
		{C8F0E1C0-72B4-4DFA-94E3-3241771B8CB5}.Release|Any CPU.ActiveCfg = Release|Any CPU
		{C8F0E1C0-72B4-4DFA-94E3-3241771B8CB5}.Release|Any CPU.Build.0 = Release|Any CPU
	EndGlobalSection
	GlobalSection(SolutionProperties) = preSolution
		HideSolutionNode = FALSE
	EndGlobalSection
	GlobalSection(NestedProjects) = preSolution
		{67EA2489-530C-4CFC-A754-45562193120D} = {A8FEAE23-6EA0-4625-BC16-6B6DE7ED52BF}
		{C8F0E1C0-72B4-4DFA-94E3-3241771B8CB5} = {67EA2489-530C-4CFC-A754-45562193120D}
	EndGlobalSection
	GlobalSection(ExtensibilityGlobals) = postSolution
		SolutionGuid = {22FD2917-758B-446F-96E1-2800F1C5034E}
	EndGlobalSection
EndGlobal
